{
  "nodes": {
    "home-manager": {
      "inputs": {
        "nixpkgs": "nixpkgs"
      },
      "locked": {
        "lastModified": 1637010045,
        "narHash": "sha256-EzA+Iu2c8N1i3K8jouZSuyMOOeR1glFZSW9ZgqmPH54=",
        "owner": "nix-community",
        "repo": "home-manager",
        "rev": "a7c5b00d44f65efd1e8ace2c02243f179e72283a",
        "type": "github"
      },
      "original": {
        "owner": "nix-community",
        "repo": "home-manager",
        "type": "github"
      }
    },
    "lowdown-src": {
      "flake": false,
      "locked": {
        "lastModified": 1633514407,
        "narHash": "sha256-Dw32tiMjdK9t3ETl5fzGrutQTzh2rufgZV4A/BbxuD4=",
        "owner": "kristapsdz",
        "repo": "lowdown",
        "rev": "d2c2b44ff6c27b936ec27358a2653caaef8f73b8",
        "type": "github"
      },
      "original": {
        "owner": "kristapsdz",
        "repo": "lowdown",
        "type": "github"
      }
    },
    "nix": {
      "inputs": {
        "lowdown-src": "lowdown-src",
        "nixpkgs": "nixpkgs_2"
      },
      "locked": {
        "lastModified": 1637070524,
        "narHash": "sha256-Q5Hd0sOFf/6Vbutmt83JFZuuX88r/JVrIJk3u0+1gfU=",
        "owner": "NixOS",
        "repo": "nix",
        "rev": "8c93a481af2ce8fbcdb9e2bbcc9559d52703112f",
        "type": "github"
      },
      "original": {
        "id": "nix",
        "type": "indirect"
      }
    },
    "nixos-hardware": {
      "locked": {
        "lastModified": 1636877509,
        "narHash": "sha256-0c2fnIlpNqcgxg8JK6Qa3iY4r93MFn2TQ4/3y9W5B7g=",
        "owner": "NixOS",
        "repo": "nixos-hardware",
        "rev": "4045d5f43aff4440661d8912fc6e373188d15b5b",
        "type": "github"
      },
      "original": {
        "owner": "NixOS",
        "ref": "master",
        "repo": "nixos-hardware",
        "type": "github"
      }
    },
    "nixpkgs": {
      "locked": {
        "lastModified": 1637081514,
        "narHash": "sha256-iolIzk8lh5BkfabSX5w3QsELDwVvv0sfgk2GAPb2Ct8=",
        "owner": "NixOS",
        "repo": "nixpkgs",
        "rev": "194628e4040a59fd7afbbab14074e3f4f74be957",
        "type": "github"
      },
      "original": {
        "id": "nixpkgs",
        "type": "indirect"
      }
    },
    "nixpkgs_2": {
      "locked": {
        "lastModified": 1632864508,
        "narHash": "sha256-d127FIvGR41XbVRDPVvozUPQ/uRHbHwvfyKHwEt5xFM=",
        "owner": "NixOS",
        "repo": "nixpkgs",
        "rev": "82891b5e2c2359d7e58d08849e4c89511ab94234",
        "type": "github"
      },
      "original": {
        "id": "nixpkgs",
        "ref": "nixos-21.05-small",
        "type": "indirect"
      }
    },
    "nixpkgs_3": {
      "locked": {
        "lastModified": 1636976544,
        "narHash": "sha256-9ZmdyoRz4Qu8bP5BKR1T10YbzcB9nvCeQjOEw2cRKR0=",
        "owner": "nixos",
        "repo": "nixpkgs",
        "rev": "931ab058daa7e4cd539533963f95e2bb0dbd41e6",
        "type": "github"
      },
      "original": {
        "owner": "nixos",
        "ref": "nixos-unstable",
        "repo": "nixpkgs",
        "type": "github"
      }
    },
    "nur": {
      "locked": {
        "lastModified": 1637078773,
        "narHash": "sha256-cj9XC4R7w+XgUTWy0nQcGpMjF/7dtJRhMYEHYaC92Io=",
        "owner": "nix-community",
        "repo": "NUR",
        "rev": "36b7b05f5c9ac4e5b8e31287bfb6da68672220ab",
        "type": "github"
      },
      "original": {
        "owner": "nix-community",
        "repo": "NUR",
        "type": "github"
      }
    },
    "root": {
      "inputs": {
        "home-manager": "home-manager",
        "nix": "nix",
        "nixos-hardware": "nixos-hardware",
        "nixpkgs": "nixpkgs_3",
        "nur": "nur"
      }
    }
  },
  "root": "root",
  "version": 7
}
