{
  "nodes": {
    "home-manager": {
      "inputs": {
        "nixpkgs": [
          "nixpkgs"
        ]
      },
      "locked": {
        "lastModified": 1627079826,
        "narHash": "sha256-+Bz7GgiWMm9aTuZ0fvYp4Tc4wVaN4Z7IwFS2IMJw7XA=",
        "owner": "nix-community",
        "repo": "home-manager",
        "rev": "996b43973969b3453e23dd06d2fc19765fb31e9d",
        "type": "github"
      },
      "original": {
        "owner": "nix-community",
        "ref": "master",
        "repo": "home-manager",
        "type": "github"
      }
    },
    "lowdown-src": {
      "flake": false,
      "locked": {
        "lastModified": 1617481909,
        "narHash": "sha256-SqnfOFuLuVRRNeVJr1yeEPJue/qWoCp5N6o5Kr///p4=",
        "owner": "kristapsdz",
        "repo": "lowdown",
        "rev": "148f9b2f586c41b7e36e73009db43ea68c7a1a4d",
        "type": "github"
      },
      "original": {
        "owner": "kristapsdz",
        "ref": "VERSION_0_8_4",
        "repo": "lowdown",
        "type": "github"
      }
    },
    "nix": {
      "inputs": {
        "lowdown-src": "lowdown-src",
        "nixpkgs": "nixpkgs"
      },
      "locked": {
        "lastModified": 1627065645,
        "narHash": "sha256-+thK23X+Ev2t8MLofBrD065mDO06yOJ0VdmgT2FTOKw=",
        "owner": "NixOS",
        "repo": "nix",
        "rev": "97be92569ca8294a8bc0977cb59ce7dcbdbc6c36",
        "type": "github"
      },
      "original": {
        "id": "nix",
        "type": "indirect"
      }
    },
    "nixos-hardware": {
      "locked": {
        "lastModified": 1625333638,
        "narHash": "sha256-M6J9RN60XJyv6nUfDFCwnz5aVjhe8+GJnV8Q9VpdQQQ=",
        "owner": "NixOS",
        "repo": "nixos-hardware",
        "rev": "41775780a0b6b32b3d32dcc32bb9bc6df809062d",
        "type": "github"
      },
      "original": {
        "owner": "NixOS",
        "ref": "master",
        "repo": "nixos-hardware",
        "type": "github"
      }
    },
    "nixpkgs": {
      "locked": {
        "lastModified": 1624862269,
        "narHash": "sha256-JFcsh2+7QtfKdJFoPibLFPLgIW6Ycnv8Bts9a7RYme0=",
        "owner": "NixOS",
        "repo": "nixpkgs",
        "rev": "f77036342e2b690c61c97202bf48f2ce13acc022",
        "type": "github"
      },
      "original": {
        "id": "nixpkgs",
        "ref": "nixos-21.05-small",
        "type": "indirect"
      }
    },
    "nixpkgs_2": {
      "locked": {
        "lastModified": 1626852498,
        "narHash": "sha256-lOXUJvi0FJUXHTVSiC5qsMRtEUgqM4mGZpMESLuGhmo=",
        "owner": "nixos",
        "repo": "nixpkgs",
        "rev": "16105403bdd843540cbef9c63fc0f16c1c6eaa70",
        "type": "github"
      },
      "original": {
        "owner": "nixos",
        "ref": "nixos-unstable",
        "repo": "nixpkgs",
        "type": "github"
      }
    },
    "nur": {
      "locked": {
        "lastModified": 1627099737,
        "narHash": "sha256-Ti+y1RbEO/iHn0kiOwVJavmorf8JNRb5PC4pYzNHKls=",
        "owner": "nix-community",
        "repo": "NUR",
        "rev": "974ffb5b64f042e276a145f1e908e46ad113c94a",
        "type": "github"
      },
      "original": {
        "owner": "nix-community",
        "repo": "NUR",
        "type": "github"
      }
    },
    "root": {
      "inputs": {
        "home-manager": "home-manager",
        "nix": "nix",
        "nixos-hardware": "nixos-hardware",
        "nixpkgs": "nixpkgs_2",
        "nur": "nur"
      }
    }
  },
  "root": "root",
  "version": 7
}
